{
  "originHash" : "85f008923558336e64fbff10cf7a823fb27fced370b01d9eb9cb7c1cee96218e",
  "pins" : [
    {
      "identity" : "foundationmodelsrouter",
      "kind" : "remoteSourceControl",
      "location" : "https://github.com/swissarmyhammer/FoundationModelsRouter",
      "state" : {
        "branch" : "main",
        "revision" : "a3d8c04e4a7598d9c261d818ef891cfffd51bcc9"
      }
    },
    {
      "identity" : "mlx-swift",
      "kind" : "remoteSourceControl",
      "location" : "https://github.com/ml-explore/mlx-swift",
      "state" : {
        "revision" : "0bb916c67f4b9e5c682cbe02a42c701c93ab5021",
        "version" : "0.31.6"
      }
    },
    {
      "identity" : "mlx-swift-lm",
      "kind" : "remoteSourceControl",
      "location" : "https://github.com/swissarmyhammer/mlx-swift-lm",
      "state" : {
        "branch" : "foundationmodels-fixes",
        "revision" : "433052884a4b8745a368be16b7cc29c270c1e3b5"
      }
    },
    {
      "identity" : "swift-argument-parser",
      "kind" : "remoteSourceControl",
      "location" : "https://github.com/apple/swift-argument-parser",
      "state" : {
        "revision" : "6a52f3251125d74daf04fcbd5e6f08a75d074382",
        "version" : "1.8.2"
      }
    },
    {
      "identity" : "swift-numerics",
      "kind" : "remoteSourceControl",
      "location" : "https://github.com/apple/swift-numerics",
      "state" : {
        "revision" : "0c0290ff6b24942dadb83a929ffaaa1481df04a2",
        "version" : "1.1.1"
      }
    },
    {
      "identity" : "swift-syntax",
      "kind" : "remoteSourceControl",
      "location" : "https://github.com/swiftlang/swift-syntax.git",
      "state" : {
        "revision" : "79e4b74a295b6eb74a8b585e3a39d29e70c1dbd1",
        "version" : "603.0.2"
      }
    },
    {
      "identity" : "ulid.swift",
      "kind" : "remoteSourceControl",
      "location" : "https://github.com/yaslab/ULID.swift.git",
      "state" : {
        "revision" : "e21933de8ac3e8ba9e83aa71956cd27206eec6b9",
        "version" : "1.3.1"
      }
    }
  ],
  "version" : 3
}
